{
    "name": "logstash-streamer",
    "version": "0.0.1",
    "lockfileVersion": 1,
    "requires": true,
    "dependencies": {
        "bluebird": {
            "version": "1.2.2",
            "resolved": "https://registry.npmjs.org/bluebird/-/bluebird-1.2.2.tgz",
            "integrity": "sha1-k4AsbNUUV81/oyWS3S+GXW7nnrc="
        },
        "fs-persistent-object": {
            "version": "0.0.1",
            "resolved": "https://registry.npmjs.org/fs-persistent-object/-/fs-persistent-object-0.0.1.tgz",
            "integrity": "sha1-P0CZimlk/q8IJBsYRm31UnRKcgA=",
            "requires": {
                "underscore": ">=1.4.4"
            }
        },
        "lodash": {
            "version": "2.4.1",
            "resolved": "https://registry.npmjs.org/lodash/-/lodash-2.4.1.tgz",
            "integrity": "sha1-W3cjA03aTSYuWkb7LFjXzCL3FCA="
        },
        "underscore": {
            "version": "1.9.1",
            "resolved": "https://registry.npmjs.org/underscore/-/underscore-1.9.1.tgz",
            "integrity": "sha512-5/4etnCkd9c8gwgowi5/om/mYO5ajCaOgdzj/oW+0eQV9WxKBDZw5+ycmKmeaTXjInS/W0BzpGLo2xR2aBwZdg=="
        }
    }
}
